
Microsoft Visual Studio Solution File, Format Version 12.00
# Visual Studio Version 17
VisualStudioVersion = 17.11.35327.3
MinimumVisualStudioVersion = 10.0.40219.1
Project("{2150E333-8FDC-42A3-9474-1A3956D46DE8}") = "src", "src", "{B8F2208E-BB27-48F7-A59A-E0D8BFCDB4A2}"
EndProject
Project("{9A19103F-16F7-4668-BE54-9A1E7A4F7556}") = "Proyecto-IS.WebAPI", "Proyecto-IS.WebAPI\Proyecto-IS.WebAPI.csproj", "{6591326E-FAAD-41B7-A875-C73AD0167829}"
EndProject
Project("{9A19103F-16F7-4668-BE54-9A1E7A4F7556}") = "Proyecto-IS.Domain", "Proyecto-IS.Domain\Proyecto-IS.Domain.csproj", "{F363D041-9583-4361-A1FF-FA1D78A9196D}"
EndProject
Project("{9A19103F-16F7-4668-BE54-9A1E7A4F7556}") = "Proyecto-IS.Domain.DataAccess", "Proyecto-IS.Domain.DataAccess\Proyecto-IS.Domain.DataAccess.csproj", "{5C65E183-1707-4A98-A9C1-0127578EFA80}"
EndProject
Project("{9A19103F-16F7-4668-BE54-9A1E7A4F7556}") = "Proyecto-IS.Common.Interfaces", "Proyecto-IS.Common.Interfaces\Proyecto-IS.Common.Interfaces.csproj", "{757862BC-A38B-4B67-BAED-B26EF10425F5}"
EndProject
Project("{9A19103F-16F7-4668-BE54-9A1E7A4F7556}") = "Proyecto-IS.Infraestructure", "Proyecto-IS.Infraestructure\Proyecto-IS.Infraestructure.csproj", "{7C04AC45-DDDA-4D96-95F0-5E81F8232D08}"
EndProject
Project("{FAE04EC0-301F-11D3-BF4B-00C04F79EFBC}") = "Proyecto-IS.Application", "Proyecto-IS.Application\Proyecto-IS.Application.csproj", "{0D025C72-8A30-4012-A657-02873FC5782A}"
EndProject
Global
	GlobalSection(SolutionConfigurationPlatforms) = preSolution
		Debug|Any CPU = Debug|Any CPU
		Release|Any CPU = Release|Any CPU
	EndGlobalSection
	GlobalSection(ProjectConfigurationPlatforms) = postSolution
		{6591326E-FAAD-41B7-A875-C73AD0167829}.Debug|Any CPU.ActiveCfg = Debug|Any CPU
		{6591326E-FAAD-41B7-A875-C73AD0167829}.Debug|Any CPU.Build.0 = Debug|Any CPU
		{6591326E-FAAD-41B7-A875-C73AD0167829}.Release|Any CPU.ActiveCfg = Release|Any CPU
		{6591326E-FAAD-41B7-A875-C73AD0167829}.Release|Any CPU.Build.0 = Release|Any CPU
		{F363D041-9583-4361-A1FF-FA1D78A9196D}.Debug|Any CPU.ActiveCfg = Debug|Any CPU
		{F363D041-9583-4361-A1FF-FA1D78A9196D}.Debug|Any CPU.Build.0 = Debug|Any CPU
		{F363D041-9583-4361-A1FF-FA1D78A9196D}.Release|Any CPU.ActiveCfg = Release|Any CPU
		{F363D041-9583-4361-A1FF-FA1D78A9196D}.Release|Any CPU.Build.0 = Release|Any CPU
		{5C65E183-1707-4A98-A9C1-0127578EFA80}.Debug|Any CPU.ActiveCfg = Debug|Any CPU
		{5C65E183-1707-4A98-A9C1-0127578EFA80}.Debug|Any CPU.Build.0 = Debug|Any CPU
		{5C65E183-1707-4A98-A9C1-0127578EFA80}.Release|Any CPU.ActiveCfg = Release|Any CPU
		{5C65E183-1707-4A98-A9C1-0127578EFA80}.Release|Any CPU.Build.0 = Release|Any CPU
		{757862BC-A38B-4B67-BAED-B26EF10425F5}.Debug|Any CPU.ActiveCfg = Debug|Any CPU
		{757862BC-A38B-4B67-BAED-B26EF10425F5}.Debug|Any CPU.Build.0 = Debug|Any CPU
		{757862BC-A38B-4B67-BAED-B26EF10425F5}.Release|Any CPU.ActiveCfg = Release|Any CPU
		{757862BC-A38B-4B67-BAED-B26EF10425F5}.Release|Any CPU.Build.0 = Release|Any CPU
		{7C04AC45-DDDA-4D96-95F0-5E81F8232D08}.Debug|Any CPU.ActiveCfg = Debug|Any CPU
		{7C04AC45-DDDA-4D96-95F0-5E81F8232D08}.Debug|Any CPU.Build.0 = Debug|Any CPU
		{7C04AC45-DDDA-4D96-95F0-5E81F8232D08}.Release|Any CPU.ActiveCfg = Release|Any CPU
		{7C04AC45-DDDA-4D96-95F0-5E81F8232D08}.Release|Any CPU.Build.0 = Release|Any CPU
		{0D025C72-8A30-4012-A657-02873FC5782A}.Debug|Any CPU.ActiveCfg = Debug|Any CPU
		{0D025C72-8A30-4012-A657-02873FC5782A}.Debug|Any CPU.Build.0 = Debug|Any CPU
		{0D025C72-8A30-4012-A657-02873FC5782A}.Release|Any CPU.ActiveCfg = Release|Any CPU
		{0D025C72-8A30-4012-A657-02873FC5782A}.Release|Any CPU.Build.0 = Release|Any CPU
	EndGlobalSection
	GlobalSection(SolutionProperties) = preSolution
		HideSolutionNode = FALSE
	EndGlobalSection
	GlobalSection(NestedProjects) = preSolution
		{6591326E-FAAD-41B7-A875-C73AD0167829} = {B8F2208E-BB27-48F7-A59A-E0D8BFCDB4A2}
		{F363D041-9583-4361-A1FF-FA1D78A9196D} = {B8F2208E-BB27-48F7-A59A-E0D8BFCDB4A2}
		{5C65E183-1707-4A98-A9C1-0127578EFA80} = {B8F2208E-BB27-48F7-A59A-E0D8BFCDB4A2}
		{757862BC-A38B-4B67-BAED-B26EF10425F5} = {B8F2208E-BB27-48F7-A59A-E0D8BFCDB4A2}
		{7C04AC45-DDDA-4D96-95F0-5E81F8232D08} = {B8F2208E-BB27-48F7-A59A-E0D8BFCDB4A2}
		{0D025C72-8A30-4012-A657-02873FC5782A} = {B8F2208E-BB27-48F7-A59A-E0D8BFCDB4A2}
	EndGlobalSection
	GlobalSection(ExtensibilityGlobals) = postSolution
		SolutionGuid = {83AB6473-39EC-4E6A-A1AA-9AAF99D13066}
	EndGlobalSection
EndGlobal
